
Microsoft Visual Studio Solution File, Format Version 12.00
# Visual Studio 15
VisualStudioVersion = 15.0.27004.2006
MinimumVisualStudioVersion = 10.0.40219.1
Project("{FAE04EC0-301F-11D3-BF4B-00C04F79EFBC}") = "ErcotAPITest", "ErcotAPITest\ErcotAPITest.csproj", "{F0A8175E-4385-4ED3-9BB5-6EF98FAB4182}"
EndProject
Project("{FAE04EC0-301F-11D3-BF4B-00C04F79EFBC}") = "ErcotAPILib", "ErcotAPILib\ErcotAPILib.csproj", "{FA50FEEB-29F4-400E-B120-4325109985D1}"
EndProject
Global
	GlobalSection(SolutionConfigurationPlatforms) = preSolution
		Debug|Any CPU = Debug|Any CPU
		Release|Any CPU = Release|Any CPU
	EndGlobalSection
	GlobalSection(ProjectConfigurationPlatforms) = postSolution
		{F0A8175E-4385-4ED3-9BB5-6EF98FAB4182}.Debug|Any CPU.ActiveCfg = Debug|Any CPU
		{F0A8175E-4385-4ED3-9BB5-6EF98FAB4182}.Debug|Any CPU.Build.0 = Debug|Any CPU
		{F0A8175E-4385-4ED3-9BB5-6EF98FAB4182}.Release|Any CPU.ActiveCfg = Release|Any CPU
		{F0A8175E-4385-4ED3-9BB5-6EF98FAB4182}.Release|Any CPU.Build.0 = Release|Any CPU
		{FA50FEEB-29F4-400E-B120-4325109985D1}.Debug|Any CPU.ActiveCfg = Debug|Any CPU
		{FA50FEEB-29F4-400E-B120-4325109985D1}.Debug|Any CPU.Build.0 = Debug|Any CPU
		{FA50FEEB-29F4-400E-B120-4325109985D1}.Release|Any CPU.ActiveCfg = Release|Any CPU
		{FA50FEEB-29F4-400E-B120-4325109985D1}.Release|Any CPU.Build.0 = Release|Any CPU
	EndGlobalSection
	GlobalSection(SolutionProperties) = preSolution
		HideSolutionNode = FALSE
	EndGlobalSection
	GlobalSection(ExtensibilityGlobals) = postSolution
		SolutionGuid = {DF2D0053-D828-4AD3-B6B0-5A1813FA61CE}
	EndGlobalSection
EndGlobal
